
Microsoft Visual Studio Solution File, Format Version 12.00
# Visual Studio 15
VisualStudioVersion = 15.0.28010.2041
MinimumVisualStudioVersion = 10.0.40219.1
Project("{FAE04EC0-301F-11D3-BF4B-00C04F79EFBC}") = "Sesion01", "Sesion01\Sesion01.csproj", "{265CA64D-7BEA-4FCF-BD10-AB580FE0758B}"
EndProject
Global
	GlobalSection(SolutionConfigurationPlatforms) = preSolution
		Debug|Any CPU = Debug|Any CPU
		Release|Any CPU = Release|Any CPU
	EndGlobalSection
	GlobalSection(ProjectConfigurationPlatforms) = postSolution
		{265CA64D-7BEA-4FCF-BD10-AB580FE0758B}.Debug|Any CPU.ActiveCfg = Debug|Any CPU
		{265CA64D-7BEA-4FCF-BD10-AB580FE0758B}.Debug|Any CPU.Build.0 = Debug|Any CPU
		{265CA64D-7BEA-4FCF-BD10-AB580FE0758B}.Release|Any CPU.ActiveCfg = Release|Any CPU
		{265CA64D-7BEA-4FCF-BD10-AB580FE0758B}.Release|Any CPU.Build.0 = Release|Any CPU
	EndGlobalSection
	GlobalSection(SolutionProperties) = preSolution
		HideSolutionNode = FALSE
	EndGlobalSection
	GlobalSection(ExtensibilityGlobals) = postSolution
		SolutionGuid = {7D3D92D1-45B0-43EB-A968-3CB2971986ED}
	EndGlobalSection
EndGlobal
